<?xml version="1.0" encoding="utf-8"?>
<Project ToolsVersion="4.0" xmlns="http://schemas.microsoft.com/developer/msbuild/2003">
  <ItemGroup>
    <Filter Include="リソース ファイル">
      <UniqueIdentifier>{67DA6AB6-F800-4c08-8B7A-83BB121AAD01}</UniqueIdentifier>
      <Extensions>rc;ico;cur;bmp;dlg;rc2;rct;bin;rgs;gif;jpg;jpeg;jpe;resx;tiff;tif;png;wav;mfcribbon-ms</Extensions>
    </Filter>
    <Filter Include="Main">
      <UniqueIdentifier>{6b013872-dddc-4efc-9e9f-c031122fca30}</UniqueIdentifier>
    </Filter>
    <Filter Include="Main\Application">
      <UniqueIdentifier>{48ccf93e-845c-4af8-832b-3a348cf6374c}</UniqueIdentifier>
    </Filter>
    <Filter Include="Main\Application\GameScene">
      <UniqueIdentifier>{243c2058-d0af-4603-80f3-23c02d01e5fd}</UniqueIdentifier>
    </Filter>
    <Filter Include="Main\Application\TitleScene">
      <UniqueIdentifier>{e148ac9b-cc36-4462-aa07-1c92525478b1}</UniqueIdentifier>
    </Filter>
    <Filter Include="Main\Object2DBase">
      <UniqueIdentifier>{6d3f5088-84c0-4440-885e-e96922efc1c4}</UniqueIdentifier>
    </Filter>
    <Filter Include="Main\Application\TitleScene\TitleObjectManager">
      <UniqueIdentifier>{c7a523a8-0dc9-49c1-90b3-4da3a0b42c09}</UniqueIdentifier>
    </Filter>
    <Filter Include="Main\Application\TitleScene\TitleObjectManager\TitleBackground">
      <UniqueIdentifier>{6963137b-5bda-45e3-a601-52abc37cd7b5}</UniqueIdentifier>
    </Filter>
    <Filter Include="Main\Application\TitleScene\TitleObjectManager\TitleMenu">
      <UniqueIdentifier>{139ff99d-5cc4-4a92-b221-235c36f1a371}</UniqueIdentifier>
    </Filter>
    <Filter Include="Main\CsvFile">
      <UniqueIdentifier>{462822bf-eead-48e6-b347-afa1d05cd543}</UniqueIdentifier>
    </Filter>
    <Filter Include="Main\Application\TitleScene\TitleObjectManager\TitleBackLogo">
      <UniqueIdentifier>{796a16f0-f431-4301-9473-bc7b59ffdea4}</UniqueIdentifier>
    </Filter>
    <Filter Include="Main\Application\TitleScene\TitleObjectManager\TitleMenu\TitleMenuButtonBase">
      <UniqueIdentifier>{4ceb9bbf-2ec4-4376-b9d7-2d9c1ed877c1}</UniqueIdentifier>
    </Filter>
    <Filter Include="Main\Application\TitleScene\TitleObjectManager\TitleMenu\OptionButton">
      <UniqueIdentifier>{b14d0ae6-a820-4518-a859-0807f45e42bf}</UniqueIdentifier>
    </Filter>
    <Filter Include="Main\Application\TitleScene\TitleObjectManager\TitleMenu\EndButton">
      <UniqueIdentifier>{5c7d02e1-6127-46c2-817e-4c989885d0b8}</UniqueIdentifier>
    </Filter>
    <Filter Include="Main\Application\TitleScene\TitleObjectManager\TitleMenu\StartButton">
      <UniqueIdentifier>{f006ac57-7851-4265-aa0a-999c0527f7a8}</UniqueIdentifier>
    </Filter>
    <Filter Include="Main\Application\TitleScene\TitleObjectManager\TitleMenu\StaffButton">
      <UniqueIdentifier>{3325fbe5-4ed2-43bb-9949-e192f31e9334}</UniqueIdentifier>
    </Filter>
    <Filter Include="Main\Application\TitleScene\TitleObjectManager\TitleMenu\TitleMenuCursorEvent">
      <UniqueIdentifier>{89d48ee5-607c-4942-9741-3cd0d66c4650}</UniqueIdentifier>
    </Filter>
    <Filter Include="Main\Application\GameScene\GameObjectManager">
      <UniqueIdentifier>{2f161d80-742c-407c-9e4c-f5fff437e2bb}</UniqueIdentifier>
    </Filter>
    <Filter Include="Main\Application\GameScene\GameObjectManager\CharacterManager">
      <UniqueIdentifier>{e105c9c6-f0c0-4371-9f13-249c5f063afe}</UniqueIdentifier>
    </Filter>
    <Filter Include="Main\Application\GameScene\GameObjectManager\CharacterManager\Player">
      <UniqueIdentifier>{c2c17d1f-e29f-4661-9018-c59cc61fa8c7}</UniqueIdentifier>
    </Filter>
    <Filter Include="Main\Application\GameScene\GameObjectManager\CharacterManager\Enemy">
      <UniqueIdentifier>{468dfabd-16a6-4af0-9e17-10ca499c5e41}</UniqueIdentifier>
    </Filter>
    <Filter Include="Main\Application\GameScene\GameObjectManager\StageManager">
      <UniqueIdentifier>{064e73fc-0e68-44d9-95c9-061957c84af1}</UniqueIdentifier>
    </Filter>
    <Filter Include="Main\Application\GameScene\GameObjectManager\StageManager\StageBackground">
      <UniqueIdentifier>{27814f08-6caf-415e-b9d9-903922ff2655}</UniqueIdentifier>
    </Filter>
    <Filter Include="Main\Application\GameScene\GameObjectManager\CharacterManager\Enemy\EnemyUI">
      <UniqueIdentifier>{4bdcdfb0-fdb2-4cd5-8c29-d5ec09285b9b}</UniqueIdentifier>
    </Filter>
    <Filter Include="Main\Application\GameScene\GameObjectManager\CharacterManager\Player\PlayerUI">
      <UniqueIdentifier>{765ca45d-85d9-4802-80f6-53c3e2f2d865}</UniqueIdentifier>
    </Filter>
    <Filter Include="Main\Application\GameScene\GameObjectManager\StageManager\StageChipManager">
      <UniqueIdentifier>{e6d9a6e3-9cdb-478d-8794-33d82c808336}</UniqueIdentifier>
    </Filter>
    <Filter Include="Main\Application\GameScene\GameObjectManager\StageManager\StageGimmickManager">
      <UniqueIdentifier>{402bd403-93b6-4727-8afd-34c9ceb56c0b}</UniqueIdentifier>
    </Filter>
    <Filter Include="Main\Application\GameScene\GameObjectManager\StageManager\StageGimmickManager\StageGimmickBase">
      <UniqueIdentifier>{7ce4079e-c864-4ff6-b456-294a03e235a3}</UniqueIdentifier>
    </Filter>
    <Filter Include="Main\Application\GameScene\GameObjectManager\StageManager\StageChipManager\StageChipBase">
      <UniqueIdentifier>{759b3cbf-9542-4c23-a450-1a3f77ea8915}</UniqueIdentifier>
    </Filter>
    <Filter Include="Main\Application\GameScene\GameObjectManager\GameTimeManager">
      <UniqueIdentifier>{bbbce755-ee46-4dcf-9e14-0dc1e4d2e381}</UniqueIdentifier>
    </Filter>
    <Filter Include="Main\Application\GameScene\GameObjectManager\GameTimeManager\GameTimeUI">
      <UniqueIdentifier>{584772de-d551-4290-a9dc-4d34149604b5}</UniqueIdentifier>
    </Filter>
    <Filter Include="Main\Application\StageSelectScene">
      <UniqueIdentifier>{110e91e1-695f-4147-ae57-62cf28bc79e4}</UniqueIdentifier>
    </Filter>
    <Filter Include="Main\Object2DBase">
      <UniqueIdentifier>{4fab1c26-24a4-457a-99bb-e913ed0864c4}</UniqueIdentifier>
    </Filter>
    <Filter Include="Main\Application\StageSelectScene\SelectManager">
      <UniqueIdentifier>{819b40b9-5309-4e8d-9dd6-b18235cdc72f}</UniqueIdentifier>
    </Filter>
    <Filter Include="Main\Application\StageSelectScene\SelectObjectManager">
      <UniqueIdentifier>{26e83d18-6323-49bb-99f4-73f6d258de4b}</UniqueIdentifier>
    </Filter>
    <Filter Include="Main\Application\StageSelectScene\SelectObjectManager\SelectBackGround">
      <UniqueIdentifier>{47a8b239-0fc4-4441-ac97-1073dbac9c03}</UniqueIdentifier>
    </Filter>
    <Filter Include="Main\Application\StageSelectScene\SelectObjectManager\SelectBoard">
      <UniqueIdentifier>{09b87bfa-da78-42e7-bba8-591f558ee464}</UniqueIdentifier>
    </Filter>
    <Filter Include="Main\Application\StageSelectScene\SelectObjectManager\SelectBoard\SelectStageUpWindow">
      <UniqueIdentifier>{e4db758a-dd30-44dd-98dc-ea9f2d0cd64e}</UniqueIdentifier>
    </Filter>
    <Filter Include="Main\Application\StageSelectScene\SelectObjectManager\SelectBoard\SelectStageUpWindow\SelectButtonBase">
      <UniqueIdentifier>{3a9ba0f0-b85a-4b90-8efc-88916b51839b}</UniqueIdentifier>
    </Filter>
    <Filter Include="Main\Application\StageSelectScene\SelectObjectManager\SelectBoard\SelectStageUpWindow\SelectButtonBase\SelectReturnButton">
      <UniqueIdentifier>{3b900a9c-2714-4259-9b4b-b926b8d3a485}</UniqueIdentifier>
    </Filter>
    <Filter Include="Main\Application\StageSelectScene\SelectObjectManager\SelectBoard\SelectStageUpWindow\SelectButtonBase\SelectStartButton">
      <UniqueIdentifier>{da079157-4060-4075-916b-815143bc482f}</UniqueIdentifier>
    </Filter>
    <Filter Include="Main\Application\StageSelectScene\SelectObjectManager\SelectBoard\SelectStageUpWindow\SelectButtonBase\SelectRankingButton">
      <UniqueIdentifier>{1d110989-83b7-4429-bf70-ecd3d77fdbe9}</UniqueIdentifier>
    </Filter>
    <Filter Include="Main\Application\StageSelectScene\SelectGameStartEvent">
      <UniqueIdentifier>{aed0f3a4-ce8f-4a0a-a4ad-ff2f78976d54}</UniqueIdentifier>
    </Filter>
    <Filter Include="Main\Application\StageSelectScene\SelectObjectManager\SelectBoard\SelectStageUpWindow\ScoreRanking">
      <UniqueIdentifier>{302bf502-134c-4083-a9ce-fbf19ff40822}</UniqueIdentifier>
    </Filter>
    <Filter Include="Main\Application\StageSelectScene\SelectObjectManager\SelectBoard\SelectStageUpWindow\RankingButton">
      <UniqueIdentifier>{01c9c2b8-6495-4c69-963c-ea52d4fd9c2f}</UniqueIdentifier>
    </Filter>
    <Filter Include="Main\Application\StageSelectScene\SelectObjectManager\SelectBoard\SelectStageUpWindow\RankingWindow">
      <UniqueIdentifier>{2ebab80a-bd47-42c1-8a76-21dbe2dc150a}</UniqueIdentifier>
    </Filter>
    <Filter Include="Main\Application\GamePlayFile">
      <UniqueIdentifier>{b37d2d80-4049-49f2-a5e0-5377eca53f5e}</UniqueIdentifier>
    </Filter>
  </ItemGroup>
  <ItemGroup>
    <ClCompile Include="Main\Main.cpp">
      <Filter>Main</Filter>
    </ClCompile>
    <ClCompile Include="Main\Application\Scene\TitleScene\TitleScene.cpp">
      <Filter>Main\Application\TitleScene</Filter>
    </ClCompile>
    <ClCompile Include="Main\Object2DBase\Object2DBase.cpp">
      <Filter>Main\Object2DBase</Filter>
    </ClCompile>
    <ClCompile Include="Main\Application\Scene\TitleScene\TitleObjectManager\TitleMenu\TitleMenu.cpp">
      <Filter>Main\Application\TitleScene\TitleObjectManager\TitleMenu</Filter>
    </ClCompile>
    <ClCompile Include="Main\Application\Scene\TitleScene\TitleObjectManager\TitleBackground\TitleBackground.cpp">
      <Filter>Main\Application\TitleScene\TitleObjectManager\TitleBackground</Filter>
    </ClCompile>
    <ClCompile Include="Main\Application\Scene\TitleScene\TitleObjectManager\TitleObjectManager.cpp">
      <Filter>Main\Application\TitleScene\TitleObjectManager</Filter>
    </ClCompile>
    <ClCompile Include="Main\Object2DBase\Object2DBase.cpp" />
    <ClCompile Include="Main\CsvFile\CsvFile.cpp">
      <Filter>Main\CsvFile</Filter>
    </ClCompile>
    <ClCompile Include="Main\Application\Scene\TitleScene\TitleObjectManager\TitleBackLogo\TitleBackLogo.cpp">
      <Filter>Main\Application\TitleScene\TitleObjectManager\TitleBackLogo</Filter>
    </ClCompile>
    <ClCompile Include="Main\Application\Scene\TitleScene\TitleObjectManager\TitleMenu\TitleMenuButtonBase\TitleMenuButtonBase.cpp">
      <Filter>Main\Application\TitleScene\TitleObjectManager\TitleMenu\TitleMenuButtonBase</Filter>
    </ClCompile>
    <ClCompile Include="Main\Application\Scene\TitleScene\TitleObjectManager\TitleMenu\StaffButton\StaffButton.cpp">
      <Filter>Main\Application\TitleScene\TitleObjectManager\TitleMenu\StaffButton</Filter>
    </ClCompile>
    <ClCompile Include="Main\Application\Scene\TitleScene\TitleObjectManager\TitleMenu\StartButton\StartButton.cpp">
      <Filter>Main\Application\TitleScene\TitleObjectManager\TitleMenu\StartButton</Filter>
    </ClCompile>
    <ClCompile Include="Main\Application\Scene\TitleScene\TitleObjectManager\TitleMenu\OptionButton\OptionButton.cpp">
      <Filter>Main\Application\TitleScene\TitleObjectManager\TitleMenu\OptionButton</Filter>
    </ClCompile>
    <ClCompile Include="Main\Application\Scene\TitleScene\TitleObjectManager\TitleMenu\MenuCursorEvent\MenuCursorEvent.cpp">
      <Filter>Main\Application\TitleScene\TitleObjectManager\TitleMenu\TitleMenuCursorEvent</Filter>
    </ClCompile>
    <ClCompile Include="Main\Application\Scene\GameScene\GameObjectManager\GameObjectManager.cpp">
      <Filter>Main\Application\GameScene\GameObjectManager</Filter>
    </ClCompile>
    <ClCompile Include="Main\Application\Scene\GameScene\GameObjectManager\CharacterManager\Player\Player.cpp">
      <Filter>Main\Application\GameScene\GameObjectManager\CharacterManager\Player</Filter>
    </ClCompile>
    <ClCompile Include="Main\Application\Scene\GameScene\GameObjectManager\CharacterManager\Enemy\Enemy.cpp">
      <Filter>Main\Application\GameScene\GameObjectManager\CharacterManager\Enemy</Filter>
    </ClCompile>
    <ClCompile Include="Main\Application\Scene\GameScene\GameObjectManager\StageManager\StageManager.cpp">
      <Filter>Main\Application\GameScene\GameObjectManager\StageManager</Filter>
    </ClCompile>
    <ClCompile Include="Main\Application\Scene\GameScene\GameObjectManager\GameObjectManager.cpp" />
    <ClCompile Include="Main\Application\Scene\GameScene\GameObjectManager\StageManager\StageManager.cpp" />
    <ClCompile Include="Main\CsvFile\CsvFile.cpp" />
    <ClCompile Include="Main\Application\Scene\GameScene\GameObjectManager\CharacterManager\Player\Player.cpp" />
    <ClCompile Include="Main\Application\Scene\GameScene\GameObjectManager\CharacterManager\Enemy\Enemy.cpp" />
    <ClCompile Include="Main\Application\Scene\GameScene\GameObjectManager\StageManager\StageBackground\StageBackground.cpp">
      <Filter>Main\Application\GameScene\GameObjectManager\StageManager\StageBackground</Filter>
    </ClCompile>
    <ClCompile Include="Main\Application\Scene\GameScene\GameObjectManager\CharacterManager\Enemy\EnemyUI\EnemyUI.cpp">
      <Filter>Main\Application\GameScene\GameObjectManager\CharacterManager\Enemy\EnemyUI</Filter>
    </ClCompile>
    <ClCompile Include="Main\Application\Scene\GameScene\GameObjectManager\CharacterManager\CharacterManager.cpp">
      <Filter>Main\Application\GameScene\GameObjectManager\CharacterManager</Filter>
    </ClCompile>
    <ClCompile Include="Main\Application\Scene\GameScene\GameObjectManager\CharacterManager\Player\PlayerUI\PlayerUI.cpp">
      <Filter>Main\Application\GameScene\GameObjectManager\CharacterManager\Player\PlayerUI</Filter>
    </ClCompile>
    <ClCompile Include="Main\Application\Scene\GameScene\GameObjectManager\StageManager\StageChipManager\StageChipManager.cpp">
      <Filter>Main\Application\GameScene\GameObjectManager\StageManager\StageChipManager</Filter>
    </ClCompile>
    <ClCompile Include="Main\Application\Scene\GameScene\GameObjectManager\StageManager\StageGimmickManager\StageGimmickManager.cpp">
      <Filter>Main\Application\GameScene\GameObjectManager\StageManager\StageGimmickManager</Filter>
    </ClCompile>
    <ClCompile Include="Main\Application\Scene\GameScene\GameObjectManager\StageManager\StageGimmickManager\StageGimmickBase\StageGimmickBase.cpp">
      <Filter>Main\Application\GameScene\GameObjectManager\StageManager\StageGimmickManager\StageGimmickBase</Filter>
    </ClCompile>
    <ClCompile Include="Main\Application\Scene\GameScene\GameObjectManager\StageManager\StageChipManager\StageChipBase\StageChipBase.cpp">
      <Filter>Main\Application\GameScene\GameObjectManager\StageManager\StageChipManager\StageChipBase</Filter>
    </ClCompile>
    <ClCompile Include="Main\Application\Scene\GameScene\GameObjectManager\GameTimeManager\GameTimeUI\GameTimeUI.cpp">
      <Filter>Main\Application\GameScene\GameObjectManager\GameTimeManager\GameTimeUI</Filter>
    </ClCompile>
    <ClCompile Include="Main\Application\Scene\GameScene\GameObjectManager\GameTimeManager\GameTimeManager.cpp">
      <Filter>Main\Application\GameScene\GameObjectManager\GameTimeManager</Filter>
    </ClCompile>
    <ClCompile Include="Main\Application\Scene\TitleScene\TitleObjectManager\TitleBackLogo\TitleBackLogo.cpp" />
    <ClCompile Include="Main\Application\Scene\TitleScene\TitleObjectManager\TitleMenu\StartButton\StartButton.cpp" />
    <ClCompile Include="Main\Application\Scene\TitleScene\TitleObjectManager\TitleMenu\OptionButton\OptionButton.cpp" />
    <ClCompile Include="Main\Application\Scene\TitleScene\TitleObjectManager\TitleMenu\MenuCursorEvent\MenuCursorEvent.cpp" />
    <ClCompile Include="Main\Application\Scene\TitleScene\TitleObjectManager\TitleMenu\EndButton\EndButton.cpp" />
    <ClCompile Include="Main\Application\Scene\TitleScene\TitleObjectManager\TitleMenu\StaffButton\StaffButton.cpp" />
    <ClCompile Include="Main\Object2DBase\Object2DBase.cpp" />
    <ClCompile Include="Main\Application\Scene\SelectScene\SelectScene.cpp">
      <Filter>Main\Application\StageSelectScene</Filter>
    </ClCompile>
    <ClCompile Include="Main\Application\Scene\SelectScene\SelectManager\SelectManager.cpp">
      <Filter>Main\Application\StageSelectScene\SelectManager</Filter>
    </ClCompile>
    <ClCompile Include="Main\Application\Scene\SelectScene\SelectObjectManager\SelectObjectManager.cpp">
      <Filter>Main\Application\StageSelectScene\SelectObjectManager</Filter>
    </ClCompile>
    <ClCompile Include="Main\Application\Scene\SelectScene\SelectObjectManager\SelectBackGround\SelectBackGround.cpp">
      <Filter>Main\Application\StageSelectScene\SelectObjectManager\SelectBackGround</Filter>
    </ClCompile>
    <ClCompile Include="Main\Application\Scene\SelectScene\SelectObjectManager\SelectBoard\SelectBoard.cpp">
      <Filter>Main\Application\StageSelectScene\SelectObjectManager\SelectBoard</Filter>
    </ClCompile>
    <ClCompile Include="Main\Application\Scene\SelectScene\SelectObjectManager\SelectBoard\SelectStageUpWindow\SelectButtonBase\SelectRankingButton\SelectRankingButton.cpp">
      <Filter>Main\Application\StageSelectScene\SelectObjectManager\SelectBoard\SelectStageUpWindow\SelectButtonBase\SelectRankingButton</Filter>
    </ClCompile>
    <ClCompile Include="Main\Application\Scene\SelectScene\SelectObjectManager\SelectBoard\SelectStageUpWindow\SelectButtonBase\SelectReturnButton\SelectReturnButton.cpp">
      <Filter>Main\Application\StageSelectScene\SelectObjectManager\SelectBoard\SelectStageUpWindow\SelectButtonBase\SelectReturnButton</Filter>
    </ClCompile>
    <ClCompile Include="Main\Application\Scene\SelectScene\SelectObjectManager\SelectBoard\SelectStageUpWindow\SelectButtonBase\SelectStartButton\SelectStartButton.cpp">
      <Filter>Main\Application\StageSelectScene\SelectObjectManager\SelectBoard\SelectStageUpWindow\SelectButtonBase\SelectStartButton</Filter>
    </ClCompile>
    <ClCompile Include="Main\Application\Scene\SelectScene\SelectObjectManager\SelectBoard\SelectStageUpWindow\SelectButtonBase\SelectButtonBase.cpp">
      <Filter>Main\Application\StageSelectScene\SelectObjectManager\SelectBoard\SelectStageUpWindow\SelectButtonBase</Filter>
    </ClCompile>
    <ClCompile Include="Main\Application\Scene\SelectScene\SelectObjectManager\SelectBoard\SelectStageUpWindow\SelectStageUpWindow.cpp">
      <Filter>Main\Application\StageSelectScene\SelectObjectManager\SelectBoard\SelectStageUpWindow</Filter>
    </ClCompile>
    <ClCompile Include="Main\Application\Scene\SelectScene\SelectGameStartEvent\SelectGameStartEvent.cpp">
      <Filter>Main\Application\StageSelectScene\SelectGameStartEvent</Filter>
    </ClCompile>
    <ClCompile Include="Main\Application\Scene\SelectScene\SelectObjectManager\SelectBoard\SelectStageUpWindow\RankingButton\RankingButton.cpp">
      <Filter>Main\Application\StageSelectScene\SelectObjectManager\SelectBoard\SelectStageUpWindow\RankingButton</Filter>
    </ClCompile>
    <ClCompile Include="Main\Application\Scene\SelectScene\SelectObjectManager\SelectBoard\SelectStageUpWindow\RankingWindow\RankingWindow.cpp">
      <Filter>Main\Application\StageSelectScene\SelectObjectManager\SelectBoard\SelectStageUpWindow\RankingWindow</Filter>
    </ClCompile>
    <ClCompile Include="Main\Application\Scene\SelectScene\SelectObjectManager\SelectBoard\SelectStageUpWindow\ScoreRanking\ScoreRanking.cpp">
      <Filter>Main\Application\StageSelectScene\SelectObjectManager\SelectBoard\SelectStageUpWindow\ScoreRanking</Filter>
    </ClCompile>
    <ClCompile Include="Main\Application\GamePlayFile\GamePlayFile.cpp">
      <Filter>Main\Application\GamePlayFile</Filter>
    </ClCompile>
    <ClCompile Include="Main\Application\Application.cpp">
      <Filter>Main\Application</Filter>
    </ClCompile>
    <ClCompile Include="Main\Application\Scene\GameScene\GameScene.cpp">
      <Filter>Main\Application\GameScene</Filter>
    </ClCompile>
    <ClCompile Include="Main\Application\Scene\TitleScene\TitleObjectManager\TitleMenu\EndButton\EndButton.cpp">
      <Filter>Main\Application\TitleScene\TitleObjectManager\TitleMenu\EndButton</Filter>
    </ClCompile>
  </ItemGroup>
  <ItemGroup>
    <ClInclude Include="Main\Application\Application.h">
      <Filter>Main\Application</Filter>
    </ClInclude>
    <ClInclude Include="Main\Application\Scene\GameScene\GameScene.h">
      <Filter>Main\Application\GameScene</Filter>
    </ClInclude>
    <ClInclude Include="Main\Application\Scene\TitleScene\TitleScene.h">
      <Filter>Main\Application\TitleScene</Filter>
    </ClInclude>
    <ClInclude Include="Main\Object2DBase\Object2DBase.h">
      <Filter>Main\Object2DBase</Filter>
    </ClInclude>
    <ClInclude Include="Main\Application\Scene\TitleScene\TitleObjectManager\TitleMenu\TitleMenu.h">
      <Filter>Main\Application\TitleScene\TitleObjectManager\TitleMenu</Filter>
    </ClInclude>
    <ClInclude Include="Main\Application\Scene\TitleScene\TitleObjectManager\TitleBackground\TitleBackground.h">
      <Filter>Main\Application\TitleScene\TitleObjectManager\TitleBackground</Filter>
    </ClInclude>
    <ClInclude Include="Main\Application\Scene\TitleScene\TitleObjectManager\TitleObjectManager.h">
      <Filter>Main\Application\TitleScene\TitleObjectManager</Filter>
    </ClInclude>
    <ClInclude Include="Main\Object2DBase\Object2DBase.h" />
    <ClInclude Include="Main\CsvFile\CsvFile.h">
      <Filter>Main\CsvFile</Filter>
    </ClInclude>
    <ClInclude Include="Main\Application\Scene\TitleScene\TitleDefine.h">
      <Filter>Main\Application\TitleScene\TitleObjectManager</Filter>
    </ClInclude>
    <ClInclude Include="Main\Application\Scene\TitleScene\TitleObjectManager\TitleBackLogo\TitleBackLogo.h">
      <Filter>Main\Application\TitleScene\TitleObjectManager\TitleBackLogo</Filter>
    </ClInclude>
    <ClInclude Include="Main\Application\Scene\TitleScene\TitleObjectManager\TitleMenu\TitleMenuButtonBase\TitleMenuButtonBase.h">
      <Filter>Main\Application\TitleScene\TitleObjectManager\TitleMenu\TitleMenuButtonBase</Filter>
    </ClInclude>
    <ClInclude Include="Main\Application\Scene\TitleScene\TitleObjectManager\TitleMenu\EndButton\EndButton.h">
      <Filter>Main\Application\TitleScene\TitleObjectManager\TitleMenu\EndButton</Filter>
    </ClInclude>
    <ClInclude Include="Main\Application\Scene\TitleScene\TitleObjectManager\TitleMenu\StaffButton\StaffButton.h">
      <Filter>Main\Application\TitleScene\TitleObjectManager\TitleMenu\StaffButton</Filter>
    </ClInclude>
    <ClInclude Include="Main\Application\Scene\TitleScene\TitleObjectManager\TitleMenu\StartButton\StartButton.h">
      <Filter>Main\Application\TitleScene\TitleObjectManager\TitleMenu\StartButton</Filter>
    </ClInclude>
    <ClInclude Include="Main\Application\Scene\TitleScene\TitleObjectManager\TitleMenu\OptionButton\OptionButton.h">
      <Filter>Main\Application\TitleScene\TitleObjectManager\TitleMenu\OptionButton</Filter>
    </ClInclude>
    <ClInclude Include="Main\Application\Scene\TitleScene\TitleObjectManager\TitleMenu\MenuCursorEvent\MenuCursorEvent.h">
      <Filter>Main\Application\TitleScene\TitleObjectManager\TitleMenu\TitleMenuCursorEvent</Filter>
    </ClInclude>
    <ClInclude Include="Main\Application\Scene\GameScene\GameObjectManager\GameObjectManager.h">
      <Filter>Main\Application\GameScene\GameObjectManager</Filter>
    </ClInclude>
    <ClInclude Include="Main\Application\Scene\GameScene\GameObjectManager\CharacterManager\Player\Player.h">
      <Filter>Main\Application\GameScene\GameObjectManager\CharacterManager\Player</Filter>
    </ClInclude>
    <ClInclude Include="Main\Application\Scene\GameScene\GameObjectManager\CharacterManager\Enemy\Enemy.h">
      <Filter>Main\Application\GameScene\GameObjectManager\CharacterManager\Enemy</Filter>
    </ClInclude>
    <ClInclude Include="Main\Application\Scene\GameScene\GameObjectManager\StageManager\StageManager.h">
      <Filter>Main\Application\GameScene\GameObjectManager\StageManager</Filter>
    </ClInclude>
    <ClInclude Include="Main\Application\Scene\GameScene\GameObjectManager\GameObjectManager.h" />
    <ClInclude Include="Main\Application\Scene\GameScene\GameObjectManager\StageManager\StageManager.h" />
    <ClInclude Include="Main\CsvFile\CsvFile.h" />
    <ClInclude Include="Main\Application\Scene\GameScene\GameObjectManager\CharacterManager\Player\Player.h" />
    <ClInclude Include="Main\Application\Scene\GameScene\GameObjectManager\CharacterManager\Enemy\Enemy.h" />
    <ClInclude Include="Main\Application\Scene\GameScene\GameObjectManager\StageManager\StageBackground\StageBackground.h">
      <Filter>Main\Application\GameScene\GameObjectManager\StageManager\StageBackground</Filter>
    </ClInclude>
    <ClInclude Include="Main\Application\Scene\GameScene\GameObjectManager\CharacterManager\Enemy\EnemyUI\EnemyUI.h">
      <Filter>Main\Application\GameScene\GameObjectManager\CharacterManager\Enemy\EnemyUI</Filter>
    </ClInclude>
    <ClInclude Include="Main\Application\Scene\GameScene\GameDefine.h">
      <Filter>Main\Application\GameScene</Filter>
    </ClInclude>
    <ClInclude Include="Main\Application\Scene\GameScene\GameObjectManager\CharacterManager\CharacterManager.h">
      <Filter>Main\Application\GameScene\GameObjectManager\CharacterManager</Filter>
    </ClInclude>
    <ClInclude Include="Main\Application\Scene\GameScene\GameObjectManager\CharacterManager\Player\PlayerUI\PlayerUI.h">
      <Filter>Main\Application\GameScene\GameObjectManager\CharacterManager\Player\PlayerUI</Filter>
    </ClInclude>
    <ClInclude Include="Main\Application\Scene\GameScene\GameObjectManager\StageManager\StageChipManager\StageChipManager.h">
      <Filter>Main\Application\GameScene\GameObjectManager\StageManager\StageChipManager</Filter>
    </ClInclude>
    <ClInclude Include="Main\Application\Scene\GameScene\GameObjectManager\StageManager\StageGimmickManager\StageGimmickManager.h">
      <Filter>Main\Application\GameScene\GameObjectManager\StageManager\StageGimmickManager</Filter>
    </ClInclude>
    <ClInclude Include="Main\Application\Scene\GameScene\GameObjectManager\StageManager\StageGimmickManager\StageGimmickBase\StageGimmickBase.h">
      <Filter>Main\Application\GameScene\GameObjectManager\StageManager\StageGimmickManager\StageGimmickBase</Filter>
    </ClInclude>
    <ClInclude Include="Main\Application\Scene\GameScene\GameObjectManager\StageManager\StageChipManager\StageChipBase\StageChipBase.h">
      <Filter>Main\Application\GameScene\GameObjectManager\StageManager\StageChipManager\StageChipBase</Filter>
    </ClInclude>
    <ClInclude Include="Main\Application\Scene\GameScene\GameObjectManager\GameTimeManager\GameTimeUI\GameTimeUI.h">
      <Filter>Main\Application\GameScene\GameObjectManager\GameTimeManager\GameTimeUI</Filter>
    </ClInclude>
    <ClInclude Include="Main\Application\Scene\GameScene\GameObjectManager\GameTimeManager\GameTimeManager.h">
      <Filter>Main\Application\GameScene\GameObjectManager\GameTimeManager</Filter>
    </ClInclude>
    <ClInclude Include="Main\Application\Scene\TitleScene\TitleObjectManager\TitleBackLogo\TitleBackLogo.h" />
    <ClInclude Include="Main\Application\Scene\TitleScene\TitleObjectManager\TitleMenu\StartButton\StartButton.h" />
    <ClInclude Include="Main\Application\Scene\TitleScene\TitleDefine.h" />
    <ClInclude Include="Main\Application\Scene\TitleScene\TitleObjectManager\TitleMenu\OptionButton\OptionButton.h" />
    <ClInclude Include="Main\Application\Scene\TitleScene\TitleObjectManager\TitleMenu\MenuCursorEvent\MenuCursorEvent.h" />
    <ClInclude Include="Main\Application\Scene\TitleScene\TitleObjectManager\TitleMenu\EndButton\EndButton.h" />
    <ClInclude Include="Main\Application\Scene\TitleScene\TitleObjectManager\TitleMenu\StaffButton\StaffButton.h" />
    <ClInclude Include="Main\Object2DBase\Object2DBase.h" />
    <ClInclude Include="Main\Application\Scene\SelectScene\SelectScene.h">
      <Filter>Main\Application\StageSelectScene</Filter>
    </ClInclude>
    <ClInclude Include="Main\Application\Scene\SelectScene\SelectManager\SelectManager.h">
      <Filter>Main\Application\StageSelectScene\SelectManager</Filter>
    </ClInclude>
    <ClInclude Include="Main\Application\Scene\SelectScene\SelectObjectManager\SelectObjectManager.h">
      <Filter>Main\Application\StageSelectScene\SelectObjectManager</Filter>
    </ClInclude>
    <ClInclude Include="Main\Application\Scene\SelectScene\SelectObjectManager\SelectBackGround\SelectBackGround.h">
      <Filter>Main\Application\StageSelectScene\SelectObjectManager\SelectBackGround</Filter>
    </ClInclude>
    <ClInclude Include="Main\Application\Scene\SelectScene\SelectObjectManager\SelectBoard\SelectBoard.h">
      <Filter>Main\Application\StageSelectScene\SelectObjectManager\SelectBoard</Filter>
    </ClInclude>
    <ClInclude Include="Main\Application\Scene\SelectScene\SelectObjectManager\SelectBoard\SelectStageUpWindow\SelectButtonBase\SelectRankingButton\SelectRankingButton.h">
      <Filter>Main\Application\StageSelectScene\SelectObjectManager\SelectBoard\SelectStageUpWindow\SelectButtonBase\SelectRankingButton</Filter>
    </ClInclude>
    <ClInclude Include="Main\Application\Scene\SelectScene\SelectObjectManager\SelectBoard\SelectStageUpWindow\SelectButtonBase\SelectReturnButton\SelectReturnButton.h">
      <Filter>Main\Application\StageSelectScene\SelectObjectManager\SelectBoard\SelectStageUpWindow\SelectButtonBase\SelectReturnButton</Filter>
    </ClInclude>
    <ClInclude Include="Main\Application\Scene\SelectScene\SelectObjectManager\SelectBoard\SelectStageUpWindow\SelectButtonBase\SelectStartButton\SelectStartButton.h">
      <Filter>Main\Application\StageSelectScene\SelectObjectManager\SelectBoard\SelectStageUpWindow\SelectButtonBase\SelectStartButton</Filter>
    </ClInclude>
    <ClInclude Include="Main\Application\Scene\SelectScene\SelectObjectManager\SelectBoard\SelectStageUpWindow\SelectButtonBase\SelectButtonBase.h">
      <Filter>Main\Application\StageSelectScene\SelectObjectManager\SelectBoard\SelectStageUpWindow\SelectButtonBase</Filter>
    </ClInclude>
    <ClInclude Include="Main\Application\Scene\SelectScene\SelectObjectManager\SelectBoard\SelectStageUpWindow\SelectStageUpWindow.h">
      <Filter>Main\Application\StageSelectScene\SelectObjectManager\SelectBoard\SelectStageUpWindow</Filter>
    </ClInclude>
    <ClInclude Include="Main\Application\Scene\SelectScene\SelectGameStartEvent\SelectGameStartEvent.h">
      <Filter>Main\Application\StageSelectScene\SelectGameStartEvent</Filter>
    </ClInclude>
    <ClInclude Include="Main\Application\Scene\SelectScene\SelectObjectManager\SelectBoard\SelectStageUpWindow\RankingButton\RankingButton.h">
      <Filter>Main\Application\StageSelectScene\SelectObjectManager\SelectBoard\SelectStageUpWindow\RankingButton</Filter>
    </ClInclude>
    <ClInclude Include="Main\Application\Scene\SelectScene\SelectObjectManager\SelectBoard\SelectStageUpWindow\RankingWindow\RankingWindow.h">
      <Filter>Main\Application\StageSelectScene\SelectObjectManager\SelectBoard\SelectStageUpWindow\RankingWindow</Filter>
    </ClInclude>
    <ClInclude Include="Main\Application\Scene\SelectScene\SelectObjectManager\SelectBoard\SelectStageUpWindow\ScoreRanking\ScoreRanking.h">
      <Filter>Main\Application\StageSelectScene\SelectObjectManager\SelectBoard\SelectStageUpWindow\ScoreRanking</Filter>
    </ClInclude>
    <ClInclude Include="Main\Application\GamePlayFile\GamePlayFile.h">
      <Filter>Main\Application\GamePlayFile</Filter>
    </ClInclude>
    <ClInclude Include="Main\Application\Scene\SelectScene\SelectDefine.h">
      <Filter>Main\Application\StageSelectScene</Filter>
    </ClInclude>
  </ItemGroup>
</Project>