
Microsoft Visual Studio Solution File, Format Version 12.00
# Visual Studio 2013
VisualStudioVersion = 12.0.40629.0
MinimumVisualStudioVersion = 10.0.40219.1
Project("{8BC9CEB8-8B4A-11D0-8D11-00A0C91BC942}") = "Chemical", "Chemical\Chemical.vcxproj", "{2F4A1EF5-3BC0-4DA9-AACD-04CFAE462B76}"
EndProject
Project("{8BC9CEB8-8B4A-11D0-8D11-00A0C91BC942}") = "Library", "Library\Library.vcxproj", "{0271F60E-7A7E-42C7-A14C-6D0B7DD36CB5}"
EndProject
Project("{8BC9CEB8-8B4A-11D0-8D11-00A0C91BC942}") = "DebugConsoleWindow", "DebugConsoleWindow\DebugConsoleWindow.vcxproj", "{57822D18-4444-4E7A-A285-4E010C5253E1}"
EndProject
Global
	GlobalSection(SolutionConfigurationPlatforms) = preSolution
		Debug|Win32 = Debug|Win32
		Release|Win32 = Release|Win32
	EndGlobalSection
	GlobalSection(ProjectConfigurationPlatforms) = postSolution
		{2F4A1EF5-3BC0-4DA9-AACD-04CFAE462B76}.Debug|Win32.ActiveCfg = Debug|Win32
		{2F4A1EF5-3BC0-4DA9-AACD-04CFAE462B76}.Debug|Win32.Build.0 = Debug|Win32
		{2F4A1EF5-3BC0-4DA9-AACD-04CFAE462B76}.Release|Win32.ActiveCfg = Release|Win32
		{2F4A1EF5-3BC0-4DA9-AACD-04CFAE462B76}.Release|Win32.Build.0 = Release|Win32
		{0271F60E-7A7E-42C7-A14C-6D0B7DD36CB5}.Debug|Win32.ActiveCfg = Debug|Win32
		{0271F60E-7A7E-42C7-A14C-6D0B7DD36CB5}.Debug|Win32.Build.0 = Debug|Win32
		{0271F60E-7A7E-42C7-A14C-6D0B7DD36CB5}.Release|Win32.ActiveCfg = Release|Win32
		{0271F60E-7A7E-42C7-A14C-6D0B7DD36CB5}.Release|Win32.Build.0 = Release|Win32
		{57822D18-4444-4E7A-A285-4E010C5253E1}.Debug|Win32.ActiveCfg = Debug|Win32
		{57822D18-4444-4E7A-A285-4E010C5253E1}.Debug|Win32.Build.0 = Debug|Win32
		{57822D18-4444-4E7A-A285-4E010C5253E1}.Release|Win32.ActiveCfg = Release|Win32
		{57822D18-4444-4E7A-A285-4E010C5253E1}.Release|Win32.Build.0 = Release|Win32
	EndGlobalSection
	GlobalSection(SolutionProperties) = preSolution
		HideSolutionNode = FALSE
	EndGlobalSection
EndGlobal
